
Microsoft Visual Studio Solution File, Format Version 12.00
# Visual Studio Version 17
VisualStudioVersion = 17.2.32630.192
MinimumVisualStudioVersion = 10.0.40219.1
Project("{FAE04EC0-301F-11D3-BF4B-00C04F79EFBC}") = "CapaPresentacion", "CapaPresentacion\CapaPresentacion.csproj", "{4B324A83-954C-4F65-B5CC-2C6C197517D2}"
EndProject
Project("{FAE04EC0-301F-11D3-BF4B-00C04F79EFBC}") = "CapaDatos", "CapaDatos\CapaDatos.csproj", "{2DC4423D-0276-418E-A1B7-5128595ECA4B}"
EndProject
Project("{FAE04EC0-301F-11D3-BF4B-00C04F79EFBC}") = "CapaNegocio", "CapaNegocio\CapaNegocio.csproj", "{44A502CA-0869-44ED-8D84-7017A1BDEFE3}"
EndProject
Global
	GlobalSection(SolutionConfigurationPlatforms) = preSolution
		Debug|Any CPU = Debug|Any CPU
		Release|Any CPU = Release|Any CPU
	EndGlobalSection
	GlobalSection(ProjectConfigurationPlatforms) = postSolution
		{4B324A83-954C-4F65-B5CC-2C6C197517D2}.Debug|Any CPU.ActiveCfg = Debug|Any CPU
		{4B324A83-954C-4F65-B5CC-2C6C197517D2}.Debug|Any CPU.Build.0 = Debug|Any CPU
		{4B324A83-954C-4F65-B5CC-2C6C197517D2}.Release|Any CPU.ActiveCfg = Release|Any CPU
		{4B324A83-954C-4F65-B5CC-2C6C197517D2}.Release|Any CPU.Build.0 = Release|Any CPU
		{2DC4423D-0276-418E-A1B7-5128595ECA4B}.Debug|Any CPU.ActiveCfg = Debug|Any CPU
		{2DC4423D-0276-418E-A1B7-5128595ECA4B}.Debug|Any CPU.Build.0 = Debug|Any CPU
		{2DC4423D-0276-418E-A1B7-5128595ECA4B}.Release|Any CPU.ActiveCfg = Release|Any CPU
		{2DC4423D-0276-418E-A1B7-5128595ECA4B}.Release|Any CPU.Build.0 = Release|Any CPU
		{44A502CA-0869-44ED-8D84-7017A1BDEFE3}.Debug|Any CPU.ActiveCfg = Debug|Any CPU
		{44A502CA-0869-44ED-8D84-7017A1BDEFE3}.Debug|Any CPU.Build.0 = Debug|Any CPU
		{44A502CA-0869-44ED-8D84-7017A1BDEFE3}.Release|Any CPU.ActiveCfg = Release|Any CPU
		{44A502CA-0869-44ED-8D84-7017A1BDEFE3}.Release|Any CPU.Build.0 = Release|Any CPU
	EndGlobalSection
	GlobalSection(SolutionProperties) = preSolution
		HideSolutionNode = FALSE
	EndGlobalSection
	GlobalSection(ExtensibilityGlobals) = postSolution
		SolutionGuid = {006ED70E-82A1-4B29-BBBC-DA98FE42E191}
	EndGlobalSection
EndGlobal
